
Microsoft Visual Studio Solution File, Format Version 12.00
# Visual Studio Version 17
VisualStudioVersion = 17.4.33213.308
MinimumVisualStudioVersion = 15.0.26124.0
Project("{9A19103F-16F7-4668-BE54-9A1E7A4F7556}") = "PrefMan", "PrefMan\PrefMan.csproj", "{FD20EA46-EE94-4295-9C08-674270A4DE25}"
EndProject
Project("{2150E333-8FDC-42A3-9474-1A3956D46DE8}") = "Lambdas", "Lambdas", "{EE248503-66EE-4248-8E07-DB78C5CE3F10}"
EndProject
Project("{9A19103F-16F7-4668-BE54-9A1E7A4F7556}") = "PrefMan.Core", "Core\PrefMan.Core.csproj", "{64CEB50C-3EBE-467D-89E7-3C5FB7C67371}"
EndProject
Project("{9A19103F-16F7-4668-BE54-9A1E7A4F7556}") = "PrefMan.Infrastructure", "Infrastructure\PrefMan.Infrastructure.csproj", "{64CC0DBC-7642-47CA-B3FB-AC49C277849D}"
EndProject
Project("{9A19103F-16F7-4668-BE54-9A1E7A4F7556}") = "GetUserPreferences", "Lambdas\GetUserPreferences\GetUserPreferences.csproj", "{3F20B735-B667-442C-8055-6DBEEA172B0D}"
EndProject
Project("{9A19103F-16F7-4668-BE54-9A1E7A4F7556}") = "PutUserPreferences", "Lambdas\PutUserPreferences\PutUserPreferences.csproj", "{68B6A7F5-6E74-4C25-94A5-3B65AEEB1E62}"
EndProject
Project("{9A19103F-16F7-4668-BE54-9A1E7A4F7556}") = "PrefMan.Seeder", "Seeder\PrefMan.Seeder.csproj", "{76B8C339-460E-4563-8748-153F9941FA9E}"
EndProject
Project("{9A19103F-16F7-4668-BE54-9A1E7A4F7556}") = "AdminPreferences", "Lambdas\AdminPreferences\AdminPreferences.csproj", "{6174B0A8-D10E-48A8-8323-A4A4E010A65F}"
EndProject
Project("{9A19103F-16F7-4668-BE54-9A1E7A4F7556}") = "PrefMan.Integrations", "Integrations\PrefMan.Integrations.csproj", "{1D03BAD7-06EA-4845-BE36-8F9D9BE0A9B9}"
EndProject
Project("{9A19103F-16F7-4668-BE54-9A1E7A4F7556}") = "PrefMan.Test.UnitTest", "Test\UnitTest\PrefMan.Test.UnitTest.csproj", "{36FC70FF-4C01-4039-B217-51E1BCB00328}"
EndProject
Global
	GlobalSection(SolutionConfigurationPlatforms) = preSolution
		Debug|Any CPU = Debug|Any CPU
		Debug|x64 = Debug|x64
		Debug|x86 = Debug|x86
		Release|Any CPU = Release|Any CPU
		Release|x64 = Release|x64
		Release|x86 = Release|x86
	EndGlobalSection
	GlobalSection(ProjectConfigurationPlatforms) = postSolution
		{FD20EA46-EE94-4295-9C08-674270A4DE25}.Debug|Any CPU.ActiveCfg = Debug|Any CPU
		{FD20EA46-EE94-4295-9C08-674270A4DE25}.Debug|Any CPU.Build.0 = Debug|Any CPU
		{FD20EA46-EE94-4295-9C08-674270A4DE25}.Debug|x64.ActiveCfg = Debug|Any CPU
		{FD20EA46-EE94-4295-9C08-674270A4DE25}.Debug|x64.Build.0 = Debug|Any CPU
		{FD20EA46-EE94-4295-9C08-674270A4DE25}.Debug|x86.ActiveCfg = Debug|Any CPU
		{FD20EA46-EE94-4295-9C08-674270A4DE25}.Debug|x86.Build.0 = Debug|Any CPU
		{FD20EA46-EE94-4295-9C08-674270A4DE25}.Release|Any CPU.ActiveCfg = Release|Any CPU
		{FD20EA46-EE94-4295-9C08-674270A4DE25}.Release|Any CPU.Build.0 = Release|Any CPU
		{FD20EA46-EE94-4295-9C08-674270A4DE25}.Release|x64.ActiveCfg = Release|Any CPU
		{FD20EA46-EE94-4295-9C08-674270A4DE25}.Release|x64.Build.0 = Release|Any CPU
		{FD20EA46-EE94-4295-9C08-674270A4DE25}.Release|x86.ActiveCfg = Release|Any CPU
		{FD20EA46-EE94-4295-9C08-674270A4DE25}.Release|x86.Build.0 = Release|Any CPU
		{64CEB50C-3EBE-467D-89E7-3C5FB7C67371}.Debug|Any CPU.ActiveCfg = Debug|Any CPU
		{64CEB50C-3EBE-467D-89E7-3C5FB7C67371}.Debug|Any CPU.Build.0 = Debug|Any CPU
		{64CEB50C-3EBE-467D-89E7-3C5FB7C67371}.Debug|x64.ActiveCfg = Debug|Any CPU
		{64CEB50C-3EBE-467D-89E7-3C5FB7C67371}.Debug|x64.Build.0 = Debug|Any CPU
		{64CEB50C-3EBE-467D-89E7-3C5FB7C67371}.Debug|x86.ActiveCfg = Debug|Any CPU
		{64CEB50C-3EBE-467D-89E7-3C5FB7C67371}.Debug|x86.Build.0 = Debug|Any CPU
		{64CEB50C-3EBE-467D-89E7-3C5FB7C67371}.Release|Any CPU.ActiveCfg = Release|Any CPU
		{64CEB50C-3EBE-467D-89E7-3C5FB7C67371}.Release|Any CPU.Build.0 = Release|Any CPU
		{64CEB50C-3EBE-467D-89E7-3C5FB7C67371}.Release|x64.ActiveCfg = Release|Any CPU
		{64CEB50C-3EBE-467D-89E7-3C5FB7C67371}.Release|x64.Build.0 = Release|Any CPU
		{64CEB50C-3EBE-467D-89E7-3C5FB7C67371}.Release|x86.ActiveCfg = Release|Any CPU
		{64CEB50C-3EBE-467D-89E7-3C5FB7C67371}.Release|x86.Build.0 = Release|Any CPU
		{64CC0DBC-7642-47CA-B3FB-AC49C277849D}.Debug|Any CPU.ActiveCfg = Debug|Any CPU
		{64CC0DBC-7642-47CA-B3FB-AC49C277849D}.Debug|Any CPU.Build.0 = Debug|Any CPU
		{64CC0DBC-7642-47CA-B3FB-AC49C277849D}.Debug|x64.ActiveCfg = Debug|Any CPU
		{64CC0DBC-7642-47CA-B3FB-AC49C277849D}.Debug|x64.Build.0 = Debug|Any CPU
		{64CC0DBC-7642-47CA-B3FB-AC49C277849D}.Debug|x86.ActiveCfg = Debug|Any CPU
		{64CC0DBC-7642-47CA-B3FB-AC49C277849D}.Debug|x86.Build.0 = Debug|Any CPU
		{64CC0DBC-7642-47CA-B3FB-AC49C277849D}.Release|Any CPU.ActiveCfg = Release|Any CPU
		{64CC0DBC-7642-47CA-B3FB-AC49C277849D}.Release|Any CPU.Build.0 = Release|Any CPU
		{64CC0DBC-7642-47CA-B3FB-AC49C277849D}.Release|x64.ActiveCfg = Release|Any CPU
		{64CC0DBC-7642-47CA-B3FB-AC49C277849D}.Release|x64.Build.0 = Release|Any CPU
		{64CC0DBC-7642-47CA-B3FB-AC49C277849D}.Release|x86.ActiveCfg = Release|Any CPU
		{64CC0DBC-7642-47CA-B3FB-AC49C277849D}.Release|x86.Build.0 = Release|Any CPU
		{3F20B735-B667-442C-8055-6DBEEA172B0D}.Debug|Any CPU.ActiveCfg = Debug|Any CPU
		{3F20B735-B667-442C-8055-6DBEEA172B0D}.Debug|Any CPU.Build.0 = Debug|Any CPU
		{3F20B735-B667-442C-8055-6DBEEA172B0D}.Debug|x64.ActiveCfg = Debug|Any CPU
		{3F20B735-B667-442C-8055-6DBEEA172B0D}.Debug|x64.Build.0 = Debug|Any CPU
		{3F20B735-B667-442C-8055-6DBEEA172B0D}.Debug|x86.ActiveCfg = Debug|Any CPU
		{3F20B735-B667-442C-8055-6DBEEA172B0D}.Debug|x86.Build.0 = Debug|Any CPU
		{3F20B735-B667-442C-8055-6DBEEA172B0D}.Release|Any CPU.ActiveCfg = Release|Any CPU
		{3F20B735-B667-442C-8055-6DBEEA172B0D}.Release|Any CPU.Build.0 = Release|Any CPU
		{3F20B735-B667-442C-8055-6DBEEA172B0D}.Release|x64.ActiveCfg = Release|Any CPU
		{3F20B735-B667-442C-8055-6DBEEA172B0D}.Release|x64.Build.0 = Release|Any CPU
		{3F20B735-B667-442C-8055-6DBEEA172B0D}.Release|x86.ActiveCfg = Release|Any CPU
		{3F20B735-B667-442C-8055-6DBEEA172B0D}.Release|x86.Build.0 = Release|Any CPU
		{68B6A7F5-6E74-4C25-94A5-3B65AEEB1E62}.Debug|Any CPU.ActiveCfg = Debug|Any CPU
		{68B6A7F5-6E74-4C25-94A5-3B65AEEB1E62}.Debug|Any CPU.Build.0 = Debug|Any CPU
		{68B6A7F5-6E74-4C25-94A5-3B65AEEB1E62}.Debug|x64.ActiveCfg = Debug|Any CPU
		{68B6A7F5-6E74-4C25-94A5-3B65AEEB1E62}.Debug|x64.Build.0 = Debug|Any CPU
		{68B6A7F5-6E74-4C25-94A5-3B65AEEB1E62}.Debug|x86.ActiveCfg = Debug|Any CPU
		{68B6A7F5-6E74-4C25-94A5-3B65AEEB1E62}.Debug|x86.Build.0 = Debug|Any CPU
		{68B6A7F5-6E74-4C25-94A5-3B65AEEB1E62}.Release|Any CPU.ActiveCfg = Release|Any CPU
		{68B6A7F5-6E74-4C25-94A5-3B65AEEB1E62}.Release|Any CPU.Build.0 = Release|Any CPU
		{68B6A7F5-6E74-4C25-94A5-3B65AEEB1E62}.Release|x64.ActiveCfg = Release|Any CPU
		{68B6A7F5-6E74-4C25-94A5-3B65AEEB1E62}.Release|x64.Build.0 = Release|Any CPU
		{68B6A7F5-6E74-4C25-94A5-3B65AEEB1E62}.Release|x86.ActiveCfg = Release|Any CPU
		{68B6A7F5-6E74-4C25-94A5-3B65AEEB1E62}.Release|x86.Build.0 = Release|Any CPU
		{76B8C339-460E-4563-8748-153F9941FA9E}.Debug|Any CPU.ActiveCfg = Debug|Any CPU
		{76B8C339-460E-4563-8748-153F9941FA9E}.Debug|Any CPU.Build.0 = Debug|Any CPU
		{76B8C339-460E-4563-8748-153F9941FA9E}.Debug|x64.ActiveCfg = Debug|Any CPU
		{76B8C339-460E-4563-8748-153F9941FA9E}.Debug|x64.Build.0 = Debug|Any CPU
		{76B8C339-460E-4563-8748-153F9941FA9E}.Debug|x86.ActiveCfg = Debug|Any CPU
		{76B8C339-460E-4563-8748-153F9941FA9E}.Debug|x86.Build.0 = Debug|Any CPU
		{76B8C339-460E-4563-8748-153F9941FA9E}.Release|Any CPU.ActiveCfg = Release|Any CPU
		{76B8C339-460E-4563-8748-153F9941FA9E}.Release|Any CPU.Build.0 = Release|Any CPU
		{76B8C339-460E-4563-8748-153F9941FA9E}.Release|x64.ActiveCfg = Release|Any CPU
		{76B8C339-460E-4563-8748-153F9941FA9E}.Release|x64.Build.0 = Release|Any CPU
		{76B8C339-460E-4563-8748-153F9941FA9E}.Release|x86.ActiveCfg = Release|Any CPU
		{76B8C339-460E-4563-8748-153F9941FA9E}.Release|x86.Build.0 = Release|Any CPU
		{6174B0A8-D10E-48A8-8323-A4A4E010A65F}.Debug|Any CPU.ActiveCfg = Debug|Any CPU
		{6174B0A8-D10E-48A8-8323-A4A4E010A65F}.Debug|Any CPU.Build.0 = Debug|Any CPU
		{6174B0A8-D10E-48A8-8323-A4A4E010A65F}.Debug|x64.ActiveCfg = Debug|Any CPU
		{6174B0A8-D10E-48A8-8323-A4A4E010A65F}.Debug|x64.Build.0 = Debug|Any CPU
		{6174B0A8-D10E-48A8-8323-A4A4E010A65F}.Debug|x86.ActiveCfg = Debug|Any CPU
		{6174B0A8-D10E-48A8-8323-A4A4E010A65F}.Debug|x86.Build.0 = Debug|Any CPU
		{6174B0A8-D10E-48A8-8323-A4A4E010A65F}.Release|Any CPU.ActiveCfg = Release|Any CPU
		{6174B0A8-D10E-48A8-8323-A4A4E010A65F}.Release|Any CPU.Build.0 = Release|Any CPU
		{6174B0A8-D10E-48A8-8323-A4A4E010A65F}.Release|x64.ActiveCfg = Release|Any CPU
		{6174B0A8-D10E-48A8-8323-A4A4E010A65F}.Release|x64.Build.0 = Release|Any CPU
		{6174B0A8-D10E-48A8-8323-A4A4E010A65F}.Release|x86.ActiveCfg = Release|Any CPU
		{6174B0A8-D10E-48A8-8323-A4A4E010A65F}.Release|x86.Build.0 = Release|Any CPU
		{1D03BAD7-06EA-4845-BE36-8F9D9BE0A9B9}.Debug|Any CPU.ActiveCfg = Debug|Any CPU
		{1D03BAD7-06EA-4845-BE36-8F9D9BE0A9B9}.Debug|Any CPU.Build.0 = Debug|Any CPU
		{1D03BAD7-06EA-4845-BE36-8F9D9BE0A9B9}.Debug|x64.ActiveCfg = Debug|Any CPU
		{1D03BAD7-06EA-4845-BE36-8F9D9BE0A9B9}.Debug|x64.Build.0 = Debug|Any CPU
		{1D03BAD7-06EA-4845-BE36-8F9D9BE0A9B9}.Debug|x86.ActiveCfg = Debug|Any CPU
		{1D03BAD7-06EA-4845-BE36-8F9D9BE0A9B9}.Debug|x86.Build.0 = Debug|Any CPU
		{1D03BAD7-06EA-4845-BE36-8F9D9BE0A9B9}.Release|Any CPU.ActiveCfg = Release|Any CPU
		{1D03BAD7-06EA-4845-BE36-8F9D9BE0A9B9}.Release|Any CPU.Build.0 = Release|Any CPU
		{1D03BAD7-06EA-4845-BE36-8F9D9BE0A9B9}.Release|x64.ActiveCfg = Release|Any CPU
		{1D03BAD7-06EA-4845-BE36-8F9D9BE0A9B9}.Release|x64.Build.0 = Release|Any CPU
		{1D03BAD7-06EA-4845-BE36-8F9D9BE0A9B9}.Release|x86.ActiveCfg = Release|Any CPU
		{1D03BAD7-06EA-4845-BE36-8F9D9BE0A9B9}.Release|x86.Build.0 = Release|Any CPU
		{36FC70FF-4C01-4039-B217-51E1BCB00328}.Debug|Any CPU.ActiveCfg = Debug|Any CPU
		{36FC70FF-4C01-4039-B217-51E1BCB00328}.Debug|Any CPU.Build.0 = Debug|Any CPU
		{36FC70FF-4C01-4039-B217-51E1BCB00328}.Debug|x64.ActiveCfg = Debug|Any CPU
		{36FC70FF-4C01-4039-B217-51E1BCB00328}.Debug|x64.Build.0 = Debug|Any CPU
		{36FC70FF-4C01-4039-B217-51E1BCB00328}.Debug|x86.ActiveCfg = Debug|Any CPU
		{36FC70FF-4C01-4039-B217-51E1BCB00328}.Debug|x86.Build.0 = Debug|Any CPU
		{36FC70FF-4C01-4039-B217-51E1BCB00328}.Release|Any CPU.ActiveCfg = Release|Any CPU
		{36FC70FF-4C01-4039-B217-51E1BCB00328}.Release|Any CPU.Build.0 = Release|Any CPU
		{36FC70FF-4C01-4039-B217-51E1BCB00328}.Release|x64.ActiveCfg = Release|Any CPU
		{36FC70FF-4C01-4039-B217-51E1BCB00328}.Release|x64.Build.0 = Release|Any CPU
		{36FC70FF-4C01-4039-B217-51E1BCB00328}.Release|x86.ActiveCfg = Release|Any CPU
		{36FC70FF-4C01-4039-B217-51E1BCB00328}.Release|x86.Build.0 = Release|Any CPU
	EndGlobalSection
	GlobalSection(SolutionProperties) = preSolution
		HideSolutionNode = FALSE
	EndGlobalSection
	GlobalSection(NestedProjects) = preSolution
		{3F20B735-B667-442C-8055-6DBEEA172B0D} = {EE248503-66EE-4248-8E07-DB78C5CE3F10}
		{68B6A7F5-6E74-4C25-94A5-3B65AEEB1E62} = {EE248503-66EE-4248-8E07-DB78C5CE3F10}
		{6174B0A8-D10E-48A8-8323-A4A4E010A65F} = {EE248503-66EE-4248-8E07-DB78C5CE3F10}
	EndGlobalSection
	GlobalSection(ExtensibilityGlobals) = postSolution
		SolutionGuid = {0C46E57C-7BD8-4B6D-A0AD-B83F294FE1D2}
	EndGlobalSection
EndGlobal
